
Microsoft Visual Studio Solution File, Format Version 12.00
# Visual Studio Version 17
VisualStudioVersion = 17.6.33801.468
MinimumVisualStudioVersion = 10.0.40219.1
Project("{FAE04EC0-301F-11D3-BF4B-00C04F79EFBC}") = "Fatura_Kalem", "Fatura_Kalem.csproj", "{1D919492-FDFE-45DB-9257-636C7F3255F0}"
EndProject
Global
	GlobalSection(SolutionConfigurationPlatforms) = preSolution
		Debug|Any CPU = Debug|Any CPU
		Release|Any CPU = Release|Any CPU
	EndGlobalSection
	GlobalSection(ProjectConfigurationPlatforms) = postSolution
		{1D919492-FDFE-45DB-9257-636C7F3255F0}.Debug|Any CPU.ActiveCfg = Debug|Any CPU
		{1D919492-FDFE-45DB-9257-636C7F3255F0}.Debug|Any CPU.Build.0 = Debug|Any CPU
		{1D919492-FDFE-45DB-9257-636C7F3255F0}.Release|Any CPU.ActiveCfg = Release|Any CPU
		{1D919492-FDFE-45DB-9257-636C7F3255F0}.Release|Any CPU.Build.0 = Release|Any CPU
	EndGlobalSection
	GlobalSection(SolutionProperties) = preSolution
		HideSolutionNode = FALSE
	EndGlobalSection
	GlobalSection(ExtensibilityGlobals) = postSolution
		SolutionGuid = {2E3DEC86-70BB-44BE-978C-8F3CA2709492}
	EndGlobalSection
EndGlobal
